
Microsoft Visual Studio Solution File, Format Version 12.00
# Visual Studio Version 16
VisualStudioVersion = 16.0.31129.286
MinimumVisualStudioVersion = 10.0.40219.1
Project("{F2A71F9B-5D33-465A-A702-920D77279786}") = "EcommerceApp", "EcommerceApp\EcommerceApp.fsproj", "{9B381DE2-7870-4848-8A9B-25FA3EF7F964}"
EndProject
Global
	GlobalSection(SolutionConfigurationPlatforms) = preSolution
		Debug|Any CPU = Debug|Any CPU
		Release|Any CPU = Release|Any CPU
	EndGlobalSection
	GlobalSection(ProjectConfigurationPlatforms) = postSolution
		{9B381DE2-7870-4848-8A9B-25FA3EF7F964}.Debug|Any CPU.ActiveCfg = Debug|Any CPU
		{9B381DE2-7870-4848-8A9B-25FA3EF7F964}.Debug|Any CPU.Build.0 = Debug|Any CPU
		{9B381DE2-7870-4848-8A9B-25FA3EF7F964}.Release|Any CPU.ActiveCfg = Release|Any CPU
		{9B381DE2-7870-4848-8A9B-25FA3EF7F964}.Release|Any CPU.Build.0 = Release|Any CPU
	EndGlobalSection
	GlobalSection(SolutionProperties) = preSolution
		HideSolutionNode = FALSE
	EndGlobalSection
	GlobalSection(ExtensibilityGlobals) = postSolution
		SolutionGuid = {FD44405E-09C3-441A-BE60-26A16F193BE0}
	EndGlobalSection
EndGlobal
